
Microsoft Visual Studio Solution File, Format Version 12.00
# Visual Studio Version 16
VisualStudioVersion = 16.0.29215.179
MinimumVisualStudioVersion = 10.0.40219.1
Project("{888888A0-9F3D-457C-B088-3A5042F75D52}") = "VINEbot", "VINEbot\VINEbot.pyproj", "{56DE02CC-B3DE-409C-95C9-6928792AFFAE}"
EndProject
Global
	GlobalSection(SolutionConfigurationPlatforms) = preSolution
		Debug|Any CPU = Debug|Any CPU
		Release|Any CPU = Release|Any CPU
	EndGlobalSection
	GlobalSection(ProjectConfigurationPlatforms) = postSolution
		{56DE02CC-B3DE-409C-95C9-6928792AFFAE}.Debug|Any CPU.ActiveCfg = Debug|Any CPU
		{56DE02CC-B3DE-409C-95C9-6928792AFFAE}.Release|Any CPU.ActiveCfg = Release|Any CPU
	EndGlobalSection
	GlobalSection(SolutionProperties) = preSolution
		HideSolutionNode = FALSE
	EndGlobalSection
	GlobalSection(ExtensibilityGlobals) = postSolution
		SolutionGuid = {4C31962F-5714-4032-B81D-7998A5C48423}
	EndGlobalSection
EndGlobal
